// !$*UTF8*$!
{
	archiveVersion = 1;
	classes = {
	};
	objectVersion = 46;
	objects = {

/* Begin PBXBuildFile section */
		D8E24B731F3AC80D00056C8B /* AppDelegate.swift in Sources */ = {isa = PBXBuildFile; fileRef = D8E24B721F3AC80D00056C8B /* AppDelegate.swift */; };
		D8E24B751F3AC80D00056C8B /* ViewController.swift in Sources */ = {isa = PBXBuildFile; fileRef = D8E24B741F3AC80D00056C8B /* ViewController.swift */; };
		D8E24B781F3AC80D00056C8B /* Main.storyboard in Resources */ = {isa = PBXBuildFile; fileRef = D8E24B761F3AC80D00056C8B /* Main.storyboard */; };
		D8E24B7A1F3AC80D00056C8B /* Assets.xcassets in Resources */ = {isa = PBXBuildFile; fileRef = D8E24B791F3AC80D00056C8B /* Assets.xcassets */; };
		D8E24B7D1F3AC80D00056C8B /* LaunchScreen.storyboard in Resources */ = {isa = PBXBuildFile; fileRef = D8E24B7B1F3AC80D00056C8B /* LaunchScreen.storyboard */; };
/* End PBXBuildFile section */

/* Begin PBXFileReference section */
		D8E24B6F1F3AC80D00056C8B /* GuestPassesSB.app */ = {isa = PBXFileReference; explicitFileType = wrapper.application; includeInIndex = 0; path = GuestPassesSB.app; sourceTree = BUILT_PRODUCTS_DIR; };
		D8E24B721F3AC80D00056C8B /* AppDelegate.swift */ = {isa = PBXFileReference; lastKnownFileType = sourcecode.swift; path = AppDelegate.swift; sourceTree = "<group>"; };
		D8E24B741F3AC80D00056C8B /* ViewController.swift */ = {isa = PBXFileReference; lastKnownFileType = sourcecode.swift; path = ViewController.swift; sourceTree = "<group>"; };
		D8E24B771F3AC80D00056C8B /* Base */ = {isa = PBXFileReference; lastKnownFileType = file.storyboard; name = Base; path = Base.lproj/Main.storyboard; sourceTree = "<group>"; };
		D8E24B791F3AC80D00056C8B /* Assets.xcassets */ = {isa = PBXFileReference; lastKnownFileType = folder.assetcatalog; path = Assets.xcassets; sourceTree = "<group>"; };
		D8E24B7C1F3AC80D00056C8B /* Base */ = {isa = PBXFileReference; lastKnownFileType = file.storyboard; name = Base; path = Base.lproj/LaunchScreen.storyboard; sourceTree = "<group>"; };
		D8E24B7E1F3AC80D00056C8B /* Info.plist */ = {isa = PBXFileReference; lastKnownFileType = text.plist.xml; path = Info.plist; sourceTree = "<group>"; };
/* End PBXFileReference section */

/* Begin PBXFrameworksBuildPhase section */
		D8E24B6C1F3AC80D00056C8B /* Frameworks */ = {
			isa = PBXFrameworksBuildPhase;
			buildActionMask = 2147483647;
			files = (
			);
			runOnlyForDeploymentPostprocessing = 0;
		};
/* End PBXFrameworksBuildPhase section */

/* Begin PBXGroup section */
		D8E24B661F3AC80D00056C8B = {
			isa = PBXGroup;
			children = (
				D8E24B711F3AC80D00056C8B /* GuestPassesSB */,
				D8E24B701F3AC80D00056C8B /* Products */,
			);
			sourceTree = "<group>";
		};
		D8E24B701F3AC80D00056C8B /* Products */ = {
			isa = PBXGroup;
			children = (
				D8E24B6F1F3AC80D00056C8B /* GuestPassesSB.app */,
			);
			name = Products;
			sourceTree = "<group>";
		};
		D8E24B711F3AC80D00056C8B /* GuestPassesSB */ = {
			isa = PBXGroup;
			children = (
				D8E24B721F3AC80D00056C8B /* AppDelegate.swift */,
				D8E24B741F3AC80D00056C8B /* ViewController.swift */,
				D8E24B761F3AC80D00056C8B /* Main.storyboard */,
				D8E24B791F3AC80D00056C8B /* Assets.xcassets */,
				D8E24B7B1F3AC80D00056C8B /* LaunchScreen.storyboard */,
				D8E24B7E1F3AC80D00056C8B /* Info.plist */,
			);
			path = GuestPassesSB;
			sourceTree = "<group>";
		};
/* End PBXGroup section */

/* Begin PBXNativeTarget section */
		D8E24B6E1F3AC80D00056C8B /* GuestPassesSB */ = {
			isa = PBXNativeTarget;
			buildConfigurationList = D8E24B811F3AC80D00056C8B /* Build configuration list for PBXNativeTarget "GuestPassesSB" */;
			buildPhases = (
				D8E24B6B1F3AC80D00056C8B /* Sources */,
				D8E24B6C1F3AC80D00056C8B /* Frameworks */,
				D8E24B6D1F3AC80D00056C8B /* Resources */,
			);
			buildRules = (
			);
			dependencies = (
			);
			name = GuestPassesSB;
			productName = GuestPassesSB;
			productReference = D8E24B6F1F3AC80D00056C8B /* GuestPassesSB.app */;
			productType = "com.apple.product-type.application";
		};
/* End PBXNativeTarget section */

/* Begin PBXProject section */
		D8E24B671F3AC80D00056C8B /* Project object */ = {
			isa = PBXProject;
			attributes = {
				LastSwiftUpdateCheck = 0830;
				LastUpgradeCheck = 0830;
				ORGANIZATIONNAME = "Nathan Fulkerson";
				TargetAttributes = {
					D8E24B6E1F3AC80D00056C8B = {
						CreatedOnToolsVersion = 8.3.3;
						DevelopmentTeam = B7ES5QUQAV;
						ProvisioningStyle = Automatic;
					};
				};
			};
			buildConfigurationList = D8E24B6A1F3AC80D00056C8B /* Build configuration list for PBXProject "GuestPassesSB" */;
			compatibilityVersion = "Xcode 3.2";
			developmentRegion = English;
			hasScannedForEncodings = 0;
			knownRegions = (
				en,
				Base,
			);
			mainGroup = D8E24B661F3AC80D00056C8B;
			productRefGroup = D8E24B701F3AC80D00056C8B /* Products */;
			projectDirPath = "";
			projectRoot = "";
			targets = (
				D8E24B6E1F3AC80D00056C8B /* GuestPassesSB */,
			);
		};
/* End PBXProject section */

/* Begin PBXResourcesBuildPhase section */
		D8E24B6D1F3AC80D00056C8B /* Resources */ = {
			isa = PBXResourcesBuildPhase;
			buildActionMask = 2147483647;
			files = (
				D8E24B7D1F3AC80D00056C8B /* LaunchScreen.storyboard in Resources */,
				D8E24B7A1F3AC80D00056C8B /* Assets.xcassets in Resources */,
				D8E24B781F3AC80D00056C8B /* Main.storyboard in Resources */,
			);
			runOnlyForDeploymentPostprocessing = 0;
		};
/* End PBXResourcesBuildPhase section */

/* Begin PBXSourcesBuildPhase section */
		D8E24B6B1F3AC80D00056C8B /* Sources */ = {
			isa = PBXSourcesBuildPhase;
			buildActionMask = 2147483647;
			files = (
				D8E24B751F3AC80D00056C8B /* ViewController.swift in Sources */,
				D8E24B731F3AC80D00056C8B /* AppDelegate.swift in Sources */,
			);
			runOnlyForDeploymentPostprocessing = 0;
		};
/* End PBXSourcesBuildPhase section */

/* Begin PBXVariantGroup section */
		D8E24B761F3AC80D00056C8B /* Main.storyboard */ = {
			isa = PBXVariantGroup;
			children = (
				D8E24B771F3AC80D00056C8B /* Base */,
			);
			name = Main.storyboard;
			sourceTree = "<group>";
		};
		D8E24B7B1F3AC80D00056C8B /* LaunchScreen.storyboard */ = {
			isa = PBXVariantGroup;
			children = (
				D8E24B7C1F3AC80D00056C8B /* Base */,
			);
			name = LaunchScreen.storyboard;
			sourceTree = "<group>";
		};
/* End PBXVariantGroup section */

/* Begin XCBuildConfiguration section */
		D8E24B7F1F3AC80D00056C8B /* Debug */ = {
			isa = XCBuildConfiguration;
			buildSettings = {
				ALWAYS_SEARCH_USER_PATHS = NO;
				CLANG_ANALYZER_NONNULL = YES;
				CLANG_ANALYZER_NUMBER_OBJECT_CONVERSION = YES_AGGRESSIVE;
				CLANG_CXX_LANGUAGE_STANDARD = "gnu++0x";
				CLANG_CXX_LIBRARY = "libc++";
				CLANG_ENABLE_MODULES = YES;
				CLANG_ENABLE_OBJC_ARC = YES;
				CLANG_WARN_BOOL_CONVERSION = YES;
				CLANG_WARN_CONSTANT_CONVERSION = YES;
				CLANG_WARN_DIRECT_OBJC_ISA_USAGE = YES_ERROR;
				CLANG_WARN_DOCUMENTATION_COMMENTS = YES;
				CLANG_WARN_EMPTY_BODY = YES;
				CLANG_WARN_ENUM_CONVERSION = YES;
				CLANG_WARN_INFINITE_RECURSION = YES;
				CLANG_WARN_INT_CONVERSION = YES;
				CLANG_WARN_OBJC_ROOT_CLASS = YES_ERROR;
				CLANG_WARN_SUSPICIOUS_MOVE = YES;
				CLANG_WARN_UNREACHABLE_CODE = YES;
				CLANG_WARN__DUPLICATE_METHOD_MATCH = YES;
				"CODE_SIGN_IDENTITY[sdk=iphoneos*]" = "iPhone Developer";
				COPY_PHASE_STRIP = NO;
				DEBUG_INFORMATION_FORMAT = dwarf;
				ENABLE_STRICT_OBJC_MSGSEND = YES;
				ENABLE_TESTABILITY = YES;
				GCC_C_LANGUAGE_STANDARD = gnu99;
				GCC_DYNAMIC_NO_PIC = NO;
				GCC_NO_COMMON_BLOCKS = YES;
				GCC_OPTIMIZATION_LEVEL = 0;
				GCC_PREPROCESSOR_DEFINITIONS = (
					"DEBUG=1",
					"$(inherited)",
				);
				GCC_WARN_64_TO_32_BIT_CONVERSION = YES;
				GCC_WARN_ABOUT_RETURN_TYPE = YES_ERROR;
				GCC_WARN_UNDECLARED_SELECTOR = YES;
				GCC_WARN_UNINITIALIZED_AUTOS = YES_AGGRESSIVE;
				GCC_WARN_UNUSED_FUNCTION = YES;
				GCC_WARN_UNUSED_VARIABLE = YES;
				IPHONEOS_DEPLOYMENT_TARGET = 10.3;
				MTL_ENABLE_DEBUG_INFO = YES;
				ONLY_ACTIVE_ARCH = YES;
				SDKROOT = iphoneos;
				SWIFT_ACTIVE_COMPILATION_CONDITIONS = DEBUG;
				SWIFT_OPTIMIZATION_LEVEL = "-Onone";
				TARGETED_DEVICE_FAMILY = 2;
			};
			name = Debug;
		};
		D8E24B801F3AC80D00056C8B /* Release */ = {
			isa = XCBuildConfiguration;
			buildSettings = {
				ALWAYS_SEARCH_USER_PATHS = NO;
				CLANG_ANALYZER_NONNULL = YES;
				CLANG_ANALYZER_NUMBER_OBJECT_CONVERSION = YES_AGGRESSIVE;
				CLANG_CXX_LANGUAGE_STANDARD = "gnu++0x";
				CLANG_CXX_LIBRARY = "libc++";
				CLANG_ENABLE_MODULES = YES;
				CLANG_ENABLE_OBJC_ARC = YES;
				CLANG_WARN_BOOL_CONVERSION = YES;
				CLANG_WARN_CONSTANT_CONVERSION = YES;
				CLANG_WARN_DIRECT_OBJC_ISA_USAGE = YES_ERROR;
				CLANG_WARN_DOCUMENTATION_COMMENTS = YES;
				CLANG_WARN_EMPTY_BODY = YES;
				CLANG_WARN_ENUM_CONVERSION = YES;
				CLANG_WARN_INFINITE_RECURSION = YES;
				CLANG_WARN_INT_CONVERSION = YES;
				CLANG_WARN_OBJC_ROOT_CLASS = YES_ERROR;
				CLANG_WARN_SUSPICIOUS_MOVE = YES;
				CLANG_WARN_UNREACHABLE_CODE = YES;
				CLANG_WARN__DUPLICATE_METHOD_MATCH = YES;
				"CODE_SIGN_IDENTITY[sdk=iphoneos*]" = "iPhone Developer";
				COPY_PHASE_STRIP = NO;
				DEBUG_INFORMATION_FORMAT = "dwarf-with-dsym";
				ENABLE_NS_ASSERTIONS = NO;
				ENABLE_STRICT_OBJC_MSGSEND = YES;
				GCC_C_LANGUAGE_STANDARD = gnu99;
				GCC_NO_COMMON_BLOCKS = YES;
				GCC_WARN_64_TO_32_BIT_CONVERSION = YES;
				GCC_WARN_ABOUT_RETURN_TYPE = YES_ERROR;
				GCC_WARN_UNDECLARED_SELECTOR = YES;
				GCC_WARN_UNINITIALIZED_AUTOS = YES_AGGRESSIVE;
				GCC_WARN_UNUSED_FUNCTION = YES;
				GCC_WARN_UNUSED_VARIABLE = YES;
				IPHONEOS_DEPLOYMENT_TARGET = 10.3;
				MTL_ENABLE_DEBUG_INFO = NO;
				SDKROOT = iphoneos;
				SWIFT_OPTIMIZATION_LEVEL = "-Owholemodule";
				TARGETED_DEVICE_FAMILY = 2;
				VALIDATE_PRODUCT = YES;
			};
			name = Release;
		};
		D8E24B821F3AC80D00056C8B /* Debug */ = {
			isa = XCBuildConfiguration;
			buildSettings = {
				ASSETCATALOG_COMPILER_APPICON_NAME = AppIcon;
				DEVELOPMENT_TEAM = B7ES5QUQAV;
				INFOPLIST_FILE = GuestPassesSB/Info.plist;
				LD_RUNPATH_SEARCH_PATHS = "$(inherited) @executable_path/Frameworks";
				PRODUCT_BUNDLE_IDENTIFIER = com.nfulkerson.GuestPassesSB;
				PRODUCT_NAME = "$(TARGET_NAME)";
				SWIFT_VERSION = 3.0;
			};
			name = Debug;
		};
		D8E24B831F3AC80D00056C8B /* Release */ = {
			isa = XCBuildConfiguration;
			buildSettings = {
				ASSETCATALOG_COMPILER_APPICON_NAME = AppIcon;
				DEVELOPMENT_TEAM = B7ES5QUQAV;
				INFOPLIST_FILE = GuestPassesSB/Info.plist;
				LD_RUNPATH_SEARCH_PATHS = "$(inherited) @executable_path/Frameworks";
				PRODUCT_BUNDLE_IDENTIFIER = com.nfulkerson.GuestPassesSB;
				PRODUCT_NAME = "$(TARGET_NAME)";
				SWIFT_VERSION = 3.0;
			};
			name = Release;
		};
/* End XCBuildConfiguration section */

/* Begin XCConfigurationList section */
		D8E24B6A1F3AC80D00056C8B /* Build configuration list for PBXProject "GuestPassesSB" */ = {
			isa = XCConfigurationList;
			buildConfigurations = (
				D8E24B7F1F3AC80D00056C8B /* Debug */,
				D8E24B801F3AC80D00056C8B /* Release */,
			);
			defaultConfigurationIsVisible = 0;
			defaultConfigurationName = Release;
		};
		D8E24B811F3AC80D00056C8B /* Build configuration list for PBXNativeTarget "GuestPassesSB" */ = {
			isa = XCConfigurationList;
			buildConfigurations = (
				D8E24B821F3AC80D00056C8B /* Debug */,
				D8E24B831F3AC80D00056C8B /* Release */,
			);
			defaultConfigurationIsVisible = 0;
		};
/* End XCConfigurationList section */
	};
	rootObject = D8E24B671F3AC80D00056C8B /* Project object */;
}
